# THIS IS AN AUTOGENERATED FILE. DO NOT EDIT THIS FILE DIRECTLY.
# yarn lockfile v1


"@babel/runtime@^7.12.5", "@babel/runtime@^7.7.2", "@babel/runtime@^7.8.4", "@babel/runtime@^7.8.7":
  version "7.15.4"
  resolved "https://registry.yarnpkg.com/@babel/runtime/-/runtime-7.15.4.tgz#fd17d16bfdf878e6dd02d19753a39fa8a8d9c84a"
  integrity sha512-99catp6bHCaxr4sJ/DbTGgHS4+Rs2RVd2g7iOap6SLGPDknRK9ztKNsE/Fg6QhSeh1FGE5f6gHGQmvvn3I3xhw==
  dependencies:
    regenerator-runtime "^0.13.4"

"@datepicker-react/hooks@^2.8.4":
  version "2.8.4"
  resolved "https://registry.yarnpkg.com/@datepicker-react/hooks/-/hooks-2.8.4.tgz#6e07aa98bf21b90b7c88fb35919cca6eb08f2c31"
  integrity sha512-qaYJKK5sOSdqcL/OnCtyv3/Q6fRRljfeAyl5ISTPgEO0CM5xZzkGmTx40+6wvqjH5lEZH4ysS95nPyLwZS2tlw==
  dependencies:
    date-fns "^2.14.0"

"@rsuite/icon-font@^4.0.0":
  version "4.0.0"
  resolved "https://registry.yarnpkg.com/@rsuite/icon-font/-/icon-font-4.0.0.tgz#c4a772af5020bb3bbf74761879f80da23e914123"
  integrity sha512-rZTgpTH3H3HLczCA2rnkWfoMKm0ZXoRzsrkVujfP/FfslnKUMvO6w56pa8pCvhWGpNEPUsLS2ULnFGpTEcup/Q==

"@rsuite/icons@^1.0.0", "@rsuite/icons@^1.0.2":
  version "1.0.2"
  resolved "https://registry.yarnpkg.com/@rsuite/icons/-/icons-1.0.2.tgz#1b53f6e5dc1dabec7a40ac5773ecc2172f05d09e"
  integrity sha512-Y7vJNDQpJnFlyYSUXQ2iQ9Meg7+ZKcrIenhpYDdM3c7vYDE/L7pml+hrK28jk6QfV/QkVv5B504D+l7aM6AAJQ==
  dependencies:
    "@rsuite/icon-font" "^4.0.0"
    classnames "^2.2.5"
    insert-css "^2.0.0"
    lodash "^4.17.20"

"@types/chai@^4.2.18":
  version "4.2.22"
  resolved "https://registry.yarnpkg.com/@types/chai/-/chai-4.2.22.tgz#47020d7e4cf19194d43b5202f35f75bd2ad35ce7"
  integrity sha512-tFfcE+DSTzWAgifkjik9AySNqIyNoYwmR+uecPwwD/XRNfvOjmC/FjCxpiUGDkDVDphPfCUecSQVFw+lN3M3kQ==

"@types/lodash@^4.14.134":
  version "4.14.176"
  resolved "https://registry.yarnpkg.com/@types/lodash/-/lodash-4.14.176.tgz#641150fc1cda36fbfa329de603bbb175d7ee20c0"
  integrity sha512-xZmuPTa3rlZoIbtDUyJKZQimJV3bxCmzMIO2c9Pz9afyDro6kr7R79GwcB6mRhuoPmV2p1Vb66WOJH7F886WKQ==

"@types/prop-types@*", "@types/prop-types@^15.7.1":
  version "15.7.4"
  resolved "https://registry.yarnpkg.com/@types/prop-types/-/prop-types-15.7.4.tgz#fcf7205c25dff795ee79af1e30da2c9790808f11"
  integrity sha512-rZ5drC/jWjrArrS8BR6SIr4cWpW09RNTYt9AMZo3Jwwif+iacXAqgVjm0B0Bv/S1jhDXKHqRVNCbACkJ89RAnQ==

"@types/react-virtualized@^9.21.11":
  version "9.21.14"
  resolved "https://registry.yarnpkg.com/@types/react-virtualized/-/react-virtualized-9.21.14.tgz#8d465aa54386a7bebc7b61f71afc588bb800b868"
  integrity sha512-wvZftXXYNpj3ELVm2v8pySnq/uxKD1UsFpRkNoBAbQFTnI4Bz4OcwjUhwvaqUq5dDoT6SCS2+PdCzysxMYfjdg==
  dependencies:
    "@types/prop-types" "*"
    "@types/react" "*"

"@types/react@*":
  version "17.0.33"
  resolved "https://registry.yarnpkg.com/@types/react/-/react-17.0.33.tgz#e01ae3de7613dac1094569880bb3792732203ad5"
  integrity sha512-pLWntxXpDPaU+RTAuSGWGSEL2FRTNyRQOjSWDke/rxRg14ncsZvx8AKWMWZqvc1UOaJIAoObdZhAWvRaHFi5rw==
  dependencies:
    "@types/prop-types" "*"
    "@types/scheduler" "*"
    csstype "^3.0.2"

"@types/scheduler@*":
  version "0.16.2"
  resolved "https://registry.yarnpkg.com/@types/scheduler/-/scheduler-0.16.2.tgz#1a62f89525723dde24ba1b01b092bf5df8ad4d39"
  integrity sha512-hppQEBDmlwhFAXKJX2KnWLYu5yMfi91yazPb2l+lbJiwW+wdo1gNeRA+3RgNSO39WYX2euey41KEwnqesU2Jew==

classnames@^2.2.5, classnames@^2.3.1:
  version "2.3.1"
  resolved "https://registry.yarnpkg.com/classnames/-/classnames-2.3.1.tgz#dfcfa3891e306ec1dad105d0e88f4417b8535e8e"
  integrity sha512-OlQdbZ7gLfGarSqxesMesDa5uz7KFbID8Kpq/SxIoNGDqY8lSYs0D+hhtBXhcdB3rcbXArFr7vlHheLk1voeNA==

clsx@^1.0.4:
  version "1.1.1"
  resolved "https://registry.yarnpkg.com/clsx/-/clsx-1.1.1.tgz#98b3134f9abbdf23b2663491ace13c5c03a73188"
  integrity sha512-6/bPho624p3S2pMyvP5kKBPXnI3ufHLObBFCfgx+LkeR5lg2XYy2hqZqUf45ypD8COn2bhgGJSUE+l5dhNBieA==

csstype@^3.0.2:
  version "3.0.9"
  resolved "https://registry.yarnpkg.com/csstype/-/csstype-3.0.9.tgz#6410af31b26bd0520933d02cbc64fce9ce3fbf0b"
  integrity sha512-rpw6JPxK6Rfg1zLOYCSwle2GFOOsnjmDYDaBwEcwoOg4qlsIVCN789VkBZDJAGi4T07gI4YSutR43t9Zz4Lzuw==

date-fns@^2.13.0, date-fns@^2.14.0:
  version "2.25.0"
  resolved "https://registry.yarnpkg.com/date-fns/-/date-fns-2.25.0.tgz#8c5c8f1d958be3809a9a03f4b742eba894fc5680"
  integrity sha512-ovYRFnTrbGPD4nqaEqescPEv1mNwvt+UTqI3Ay9SzNtey9NZnYu6E2qCcBBgJ6/2VF1zGGygpyTDITqpQQ5e+w==

dom-helpers@^5.1.3:
  version "5.2.1"
  resolved "https://registry.yarnpkg.com/dom-helpers/-/dom-helpers-5.2.1.tgz#d9400536b2bf8225ad98fe052e029451ac40e902"
  integrity sha512-nRCa7CK3VTrM2NmGkIy4cbK7IZlgBE/PYMn55rrXefr5xXDP0LdtfPnblFDoVdcAfslJ7or6iqAUnx0CCGIWQA==
  dependencies:
    "@babel/runtime" "^7.8.7"
    csstype "^3.0.2"

dom-lib@^2.0.3:
  version "2.1.0"
  resolved "https://registry.yarnpkg.com/dom-lib/-/dom-lib-2.1.0.tgz#2f14bb4d4cff13bb84180096314b0e42faf91254"
  integrity sha512-JFvhxkdvP85H0FMpZtu7QqRunnoQaqeKwr/v+IzHFyev/kaqPpEhVEyo59Cr3AFfreUyxedQuSa3Dzcl6N+Qgg==

element-resize-event@^3.0.6:
  version "3.0.6"
  resolved "https://registry.yarnpkg.com/element-resize-event/-/element-resize-event-3.0.6.tgz#3a18efd4879ad615e979fd8bbf173b014987eb9a"
  integrity sha512-sSeXY9rNDp86bJODW68pxLcy3A5FrPZfIgOrJHzqgYzX513Zq6/ytdBigp7KeJEpZZopBBSiO1cVuiRkZpNxLw==

insert-css@^2.0.0:
  version "2.0.0"
  resolved "https://registry.yarnpkg.com/insert-css/-/insert-css-2.0.0.tgz#eb5d1097b7542f4c79ea3060d3aee07d053880f4"
  integrity sha1-610Ql7dUL0x56jBg067gfQU4gPQ=

"js-tokens@^3.0.0 || ^4.0.0":
  version "4.0.0"
  resolved "https://registry.yarnpkg.com/js-tokens/-/js-tokens-4.0.0.tgz#19203fb59991df98e3a287050d4647cdeaf32499"
  integrity sha512-RdJUflcE3cUzKiMqQgsCu06FPu9UdIJO0beYbPhHN4k6apgJtifcoCtT9bcxOpYBtpD2kCM6Sbzg4CausW/PKQ==

lodash@^4.17.11, lodash@^4.17.20, lodash@^4.17.21:
  version "4.17.21"
  resolved "https://registry.yarnpkg.com/lodash/-/lodash-4.17.21.tgz#679591c564c3bffaae8454cf0b3df370c3d6911c"
  integrity sha512-v2kDEe57lecTulaDIuNTPy3Ry4gLGJ6Z1O3vE1krgXZNrsQ+LFTGHVxVjcXPs17LhbZVGedAJv8XZ1tvj5FvSg==

loose-envify@^1.4.0:
  version "1.4.0"
  resolved "https://registry.yarnpkg.com/loose-envify/-/loose-envify-1.4.0.tgz#71ee51fa7be4caec1a63839f7e682d8132d30caf"
  integrity sha512-lyuxPGr/Wfhrlem2CL/UcnUc1zcqKAImBDzukY7Y5F/yQiNdko6+fRLevlw1HgMySw7f611UIY408EtxRSoK3Q==
  dependencies:
    js-tokens "^3.0.0 || ^4.0.0"

object-assign@^4.1.1:
  version "4.1.1"
  resolved "https://registry.yarnpkg.com/object-assign/-/object-assign-4.1.1.tgz#2109adc7965887cfc05cbbd442cac8bfbb360863"
  integrity sha1-IQmtx5ZYh8/AXLvUQsrIv7s2CGM=

prop-types@^15.5.6, prop-types@^15.7.2:
  version "15.7.2"
  resolved "https://registry.yarnpkg.com/prop-types/-/prop-types-15.7.2.tgz#52c41e75b8c87e72b9d9360e0206b99dcbffa6c5"
  integrity sha512-8QQikdH7//R2vurIJSutZ1smHYTcLpRWEOlHnzcWHmBYrOGUysKwSsrC89BCiFj3CbrfJ/nXFdJepOVrY1GCHQ==
  dependencies:
    loose-envify "^1.4.0"
    object-assign "^4.1.1"
    react-is "^16.8.1"

react-is@^16.8.1:
  version "16.13.1"
  resolved "https://registry.yarnpkg.com/react-is/-/react-is-16.13.1.tgz#789729a4dc36de2999dc156dd6c1d9c18cea56a4"
  integrity sha512-24e6ynE2H+OKt4kqsOvNd8kBpV65zoxbA4BVsEOB3ARVWQki/DHzaUoC5KuON/BiccDaCCTZBuOcfZs70kR8bQ==

react-lifecycles-compat@^3.0.4:
  version "3.0.4"
  resolved "https://registry.yarnpkg.com/react-lifecycles-compat/-/react-lifecycles-compat-3.0.4.tgz#4f1a273afdfc8f3488a8c516bfda78f872352362"
  integrity sha512-fBASbA6LnOU9dOU2eW7aQ8xmYBSXUIWr+UmF9b1efZBazGNO+rcXT/icdKnYm2pTwcRylVUYwW7H1PHfLekVzA==

react-text-mask@^5.4.3:
  version "5.4.3"
  resolved "https://registry.yarnpkg.com/react-text-mask/-/react-text-mask-5.4.3.tgz#991efb4299e30c2e6c2c46d13f617169463e0d2d"
  integrity sha1-mR77QpnjDC5sLEbRP2FxaUY+DS0=
  dependencies:
    prop-types "^15.5.6"

react-virtualized@^9.22.3:
  version "9.22.3"
  resolved "https://registry.yarnpkg.com/react-virtualized/-/react-virtualized-9.22.3.tgz#f430f16beb0a42db420dbd4d340403c0de334421"
  integrity sha512-MKovKMxWTcwPSxE1kK1HcheQTWfuCxAuBoSTf2gwyMM21NdX/PXUhnoP8Uc5dRKd+nKm8v41R36OellhdCpkrw==
  dependencies:
    "@babel/runtime" "^7.7.2"
    clsx "^1.0.4"
    dom-helpers "^5.1.3"
    loose-envify "^1.4.0"
    prop-types "^15.7.2"
    react-lifecycles-compat "^3.0.4"

regenerator-runtime@^0.13.4:
  version "0.13.9"
  resolved "https://registry.yarnpkg.com/regenerator-runtime/-/regenerator-runtime-0.13.9.tgz#8925742a98ffd90814988d7566ad30ca3b263b52"
  integrity sha512-p3VT+cOEgxFsRRA9X4lkI1E+k2/CtnKtU4gcxyaCUreilL/vqI6CdZ3wxVUx3UOUg+gnUOQQcRI7BmSI656MYA==

rsuite-table@^5.0.1:
  version "5.0.1"
  resolved "https://registry.yarnpkg.com/rsuite-table/-/rsuite-table-5.0.1.tgz#83590f59d9d9f575b6d287b990ab142a777830af"
  integrity sha512-jtAa5o/UU62DG1SOyrR6LaPYX6WPK4s5U3UkQnrFWNfSrpy8umb00Rn2orU3eK+IvL8e7R2a1RM8QGcXIIZThg==
  dependencies:
    "@babel/runtime" "^7.12.5"
    "@rsuite/icons" "^1.0.0"
    classnames "^2.2.5"
    dom-lib "^2.0.3"
    element-resize-event "^3.0.6"
    lodash "^4.17.21"

rsuite@^5.0.3:
  version "5.0.3"
  resolved "https://registry.yarnpkg.com/rsuite/-/rsuite-5.0.3.tgz#8195a1fc429308c757f5aabfac51c1003bc6606b"
  integrity sha512-RBALydeLB20iNYOmQ4KbU2ZN0uyq3AEkeD0F2atEa5Ly7wwdCU+kS2GVHObU91qUHgXTeb0OE6rr4LGoD7yTaw==
  dependencies:
    "@babel/runtime" "^7.8.4"
    "@rsuite/icons" "^1.0.2"
    "@types/chai" "^4.2.18"
    "@types/lodash" "^4.14.134"
    "@types/prop-types" "^15.7.1"
    "@types/react-virtualized" "^9.21.11"
    classnames "^2.3.1"
    date-fns "^2.13.0"
    dom-lib "^2.0.3"
    element-resize-event "^3.0.6"
    lodash "^4.17.11"
    prop-types "^15.7.2"
    react-text-mask "^5.4.3"
    react-virtualized "^9.22.3"
    rsuite-table "^5.0.1"
    schema-typed "^2.0.1"

schema-typed@^2.0.1:
  version "2.0.1"
  resolved "https://registry.yarnpkg.com/schema-typed/-/schema-typed-2.0.1.tgz#8e37167de3cce919cffc3d81f93ab3d9ef806181"
  integrity sha512-9sz07HVMxcHjCQ3jtT0mfGtHcSqcmUmBIf6OcJkWDcrl4wQsIIv3mCn+CE/Xb6+VpFWpnPY3nSFby5VxawHEfQ==
